<?xml version="1.0" encoding="utf-8"?>
<Project ToolsVersion="4.0" xmlns="http://schemas.microsoft.com/developer/msbuild/2003">
  <ItemGroup>
    <Filter Include="Source Files">
      <UniqueIdentifier>{4FC737F1-C7A5-4376-A066-2A32D752A2FF}</UniqueIdentifier>
      <Extensions>cpp;c;cc;cxx;def;odl;idl;hpj;bat;asm;asmx</Extensions>
    </Filter>
    <Filter Include="Header Files">
      <UniqueIdentifier>{93995380-89BD-4b04-88EB-625FBE52EBFB}</UniqueIdentifier>
      <Extensions>h;hh;hpp;hxx;hm;inl;inc;xsd</Extensions>
    </Filter>
    <Filter Include="Resource Files">
      <UniqueIdentifier>{67DA6AB6-F800-4c08-8B7A-83BB121AAD01}</UniqueIdentifier>
      <Extensions>rc;ico;cur;bmp;dlg;rc2;rct;bin;rgs;gif;jpg;jpeg;jpe;resx;tiff;tif;png;wav;mfcribbon-ms</Extensions>
    </Filter>
    <Filter Include="Shaders">
      <UniqueIdentifier>{b2bcf984-a06a-4921-9177-93ea7775166a}</UniqueIdentifier>
    </Filter>
    <Filter Include="TEMP">
      <UniqueIdentifier>{082d6959-191c-4626-8929-8b1024788659}</UniqueIdentifier>
    </Filter>
    <Filter Include="Source Files\Microsoft">
      <UniqueIdentifier>{c7cb4db3-b82b-4735-9333-5817cdbf3999}</UniqueIdentifier>
    </Filter>
    <Filter Include="Source Files\Graphics">
      <UniqueIdentifier>{000e3b44-4482-4b97-99dd-f4136d93dbb2}</UniqueIdentifier>
    </Filter>
    <Filter Include="Source Files\Common">
      <UniqueIdentifier>{c9a35ea9-6b6e-4b66-8c49-d6f06884aab4}</UniqueIdentifier>
    </Filter>
    <Filter Include="TEMP\Common">
      <UniqueIdentifier>{3a507e30-c283-46fb-84d3-4730bedbedcf}</UniqueIdentifier>
    </Filter>
    <Filter Include="TEMP\Waves">
      <UniqueIdentifier>{62410065-9bdd-4026-baff-474d6aaff37a}</UniqueIdentifier>
    </Filter>
    <Filter Include="TEMP\Shapes">
      <UniqueIdentifier>{a5846811-343b-45f4-8133-958214bcd4f7}</UniqueIdentifier>
    </Filter>
    <Filter Include="Source Files\Scene">
      <UniqueIdentifier>{5111600a-2b40-48f1-b98c-f055726b7da7}</UniqueIdentifier>
    </Filter>
  </ItemGroup>
  <ItemGroup>
    <ClInclude Include="Microsoft\d3dx12.h">
      <Filter>Source Files\Microsoft</Filter>
    </ClInclude>
    <ClInclude Include="Common\Timer.h">
      <Filter>Source Files\Common</Filter>
    </ClInclude>
    <ClInclude Include="Common\Types.h">
      <Filter>Source Files\Common</Filter>
    </ClInclude>
    <ClInclude Include="Common\WindowManager.h">
      <Filter>Source Files\Common</Filter>
    </ClInclude>
    <ClInclude Include="Graphics\GraphicsCore.h">
      <Filter>Source Files\Graphics</Filter>
    </ClInclude>
    <ClInclude Include="Common\Utility.h">
      <Filter>Source Files\Common</Filter>
    </ClInclude>
    <ClInclude Include="TEMP\Common\GeometryGenerator.h">
      <Filter>TEMP\Common</Filter>
    </ClInclude>
    <ClInclude Include="Graphics\RenderPacket.h">
      <Filter>Source Files\Graphics</Filter>
    </ClInclude>
    <ClInclude Include="Graphics\Mesh.h">
      <Filter>Source Files\Graphics</Filter>
    </ClInclude>
    <ClInclude Include="Common\Math.h">
      <Filter>Source Files\Common</Filter>
    </ClInclude>
    <ClInclude Include="Graphics\FrameResource.h">
      <Filter>Source Files\Graphics</Filter>
    </ClInclude>
    <ClInclude Include="Graphics\Material.h">
      <Filter>Source Files\Graphics</Filter>
    </ClInclude>
    <ClInclude Include="Graphics\Lighting.h">
      <Filter>Source Files\Graphics</Filter>
    </ClInclude>
    <ClInclude Include="Microsoft\DDSTextureLoader.h">
      <Filter>Source Files\Microsoft</Filter>
    </ClInclude>
    <ClInclude Include="Common\Camera.h">
      <Filter>Source Files\Common</Filter>
    </ClInclude>
    <ClInclude Include="Scene\SceneManager.h">
      <Filter>Source Files\Scene</Filter>
    </ClInclude>
  </ItemGroup>
  <ItemGroup>
    <ClCompile Include="Run.cpp">
      <Filter>Source Files</Filter>
    </ClCompile>
    <ClCompile Include="Common\Timer.cpp">
      <Filter>Source Files\Common</Filter>
    </ClCompile>
    <ClCompile Include="Common\WindowManager.cpp">
      <Filter>Source Files\Common</Filter>
    </ClCompile>
    <ClCompile Include="Graphics\GraphicsCore.cpp">
      <Filter>Source Files\Graphics</Filter>
    </ClCompile>
    <ClCompile Include="TEMP\Common\GeometryGenerator.cpp">
      <Filter>TEMP\Common</Filter>
    </ClCompile>
    <ClCompile Include="Graphics\RenderPacket.cpp">
      <Filter>Source Files\Graphics</Filter>
    </ClCompile>
    <ClCompile Include="Graphics\Mesh.cpp">
      <Filter>Source Files\Graphics</Filter>
    </ClCompile>
    <ClCompile Include="Common\Math.cpp">
      <Filter>Source Files\Common</Filter>
    </ClCompile>
    <ClCompile Include="Graphics\FrameResource.cpp">
      <Filter>Source Files\Graphics</Filter>
    </ClCompile>
    <ClCompile Include="Microsoft\DDSTextureLoader.cpp">
      <Filter>Source Files\Microsoft</Filter>
    </ClCompile>
    <ClCompile Include="Common\Camera.cpp">
      <Filter>Source Files\Common</Filter>
    </ClCompile>
    <ClCompile Include="Scene\SceneManager.cpp">
      <Filter>Source Files\Scene</Filter>
    </ClCompile>
  </ItemGroup>
  <ItemGroup>
    <None Include="Shaders\LightingUtil.hlsl">
      <Filter>Shaders</Filter>
    </None>
    <None Include="TEMP\Shapes\ShapesApp.cpp">
      <Filter>TEMP</Filter>
    </None>
    <None Include="TEMP\LitColumnsApp.cpp">
      <Filter>TEMP</Filter>
    </None>
    <None Include="TEMP\Shapes\color.hlsl">
      <Filter>TEMP\Waves</Filter>
    </None>
    <None Include="TEMP\FrameResource.cpp">
      <Filter>TEMP</Filter>
    </None>
    <None Include="TEMP\FrameResource.h">
      <Filter>TEMP</Filter>
    </None>
    <None Include="TEMP\TexColumnsApp.cpp">
      <Filter>TEMP</Filter>
    </None>
    <None Include="TEMP\Default.hlsl">
      <Filter>TEMP</Filter>
    </None>
    <None Include="TEMP\LightingUtil.hlsl">
      <Filter>TEMP</Filter>
    </None>
    <None Include="Shaders\Common.hlsl">
      <Filter>Shaders</Filter>
    </None>
    <None Include="Shaders\Sky.hlsl">
      <Filter>Shaders</Filter>
    </None>
    <None Include="Shaders\Default.hlsl">
      <Filter>Shaders</Filter>
    </None>
  </ItemGroup>
</Project>