<?xml version="1.0" encoding="utf-8"?>
<Project ToolsVersion="4.0" xmlns="http://schemas.microsoft.com/developer/msbuild/2003">
  <ItemGroup>
    <Filter Include="Common">
      <UniqueIdentifier>b79bad87-4d1a-42b3-8e85-cf4bf1f0d115</UniqueIdentifier>
    </Filter>
    <Filter Include="Assets">
      <UniqueIdentifier>9da993db-a877-4428-b618-b9b583ca381e</UniqueIdentifier>
      <Extensions>bmp;fbx;gif;jpg;jpeg;tga;tiff;tif;png</Extensions>
    </Filter>
    <Filter Include="Content">
      <UniqueIdentifier>ce7deb93-52f3-4fb1-b177-fa79b0146f2a</UniqueIdentifier>
    </Filter>
    <ClInclude Include="Common\DirectXHelper.h">
      <Filter>Common</Filter>
    </ClInclude>
    <ClInclude Include="Common\StepTimer.h">
      <Filter>Common</Filter>
    </ClInclude>
    <ClInclude Include="Common\DeviceResources.h">
      <Filter>Common</Filter>
    </ClInclude>
    <ClCompile Include="Common\DeviceResources.cpp">
      <Filter>Common</Filter>
    </ClCompile>
    <ClInclude Include="Content\Sample3DSceneRenderer.h">
      <Filter>Content</Filter>
    </ClInclude>
    <ClInclude Include="Content\SampleFpsTextRenderer.h">
      <Filter>Content</Filter>
    </ClInclude>
    <ClInclude Include="Content\ShaderStructures.h">
      <Filter>Content</Filter>
    </ClInclude>
    <ClCompile Include="Content\Sample3DSceneRenderer.cpp">
      <Filter>Content</Filter>
    </ClCompile>
    <ClCompile Include="Content\SampleFpsTextRenderer.cpp">
      <Filter>Content</Filter>
    </ClCompile>
    <FxCompile Include="Content\SamplePixelShader.hlsl">
      <Filter>Content</Filter>
    </FxCompile>
    <FxCompile Include="Content\SampleVertexShader.hlsl">
      <Filter>Content</Filter>
    </FxCompile>
    <Image Include="Assets\LockScreenLogo.scale-200.png">
      <Filter>Assets</Filter>
    </Image>
    <Image Include="Assets\SplashScreen.scale-200.png">
      <Filter>Assets</Filter>
    </Image>
    <Image Include="Assets\Square150x150Logo.scale-200.png">
      <Filter>Assets</Filter>
    </Image>
    <Image Include="Assets\Square44x44Logo.scale-200.png">
      <Filter>Assets</Filter>
    </Image>
    <Image Include="Assets\Square44x44Logo.targetsize-24_altform-unplated.png">
      <Filter>Assets</Filter>
    </Image>
    <Image Include="Assets\Wide310x150Logo.scale-200.png">
      <Filter>Assets</Filter>
    </Image>
    <Filter Include="Engine">
      <UniqueIdentifier>{cc60c611-44c1-4d5b-8add-52bf0edca0dc}</UniqueIdentifier>
    </Filter>
  </ItemGroup>
  <ItemGroup>
    <ApplicationDefinition Include="App.xaml" />
  </ItemGroup>
  <ItemGroup>
    <ClCompile Include="App.xaml.cpp" />
    <ClCompile Include="SpectralEditorMain.cpp" />
    <ClCompile Include="DirectXPage.xaml.cpp" />
    <ClCompile Include="pch.cpp" />
    <ClCompile Include="Run.cpp" />
    <ClCompile Include="..\SpectralEngine\Graphics\GraphicsCore.cpp">
      <Filter>Engine</Filter>
    </ClCompile>
    <ClCompile Include="..\SpectralEngine\Graphics\FrameResource.cpp">
      <Filter>Engine</Filter>
    </ClCompile>
    <ClCompile Include="..\SpectralEngine\Graphics\Mesh.cpp">
      <Filter>Engine</Filter>
    </ClCompile>
    <ClCompile Include="..\SpectralEngine\Graphics\RenderPacket.cpp">
      <Filter>Engine</Filter>
    </ClCompile>
    <ClCompile Include="..\SpectralEngine\Common\Camera.cpp">
      <Filter>Engine</Filter>
    </ClCompile>
    <ClCompile Include="..\SpectralEngine\Common\Math.cpp">
      <Filter>Engine</Filter>
    </ClCompile>
    <ClCompile Include="..\SpectralEngine\Common\Timer.cpp">
      <Filter>Engine</Filter>
    </ClCompile>
    <ClCompile Include="..\SpectralEngine\TEMP\Common\GeometryGenerator.cpp">
      <Filter>Engine</Filter>
    </ClCompile>
    <ClCompile Include="..\SpectralEngine\Microsoft\DDSTextureLoader.cpp">
      <Filter>Engine</Filter>
    </ClCompile>
    <ClCompile Include="..\SpectralEngine\Scene\SceneManager.cpp">
      <Filter>Engine</Filter>
    </ClCompile>
    <ClCompile Include="..\SpectralEngine\Asset_Conditioning\ObjectConditioner.cpp">
      <Filter>Engine</Filter>
    </ClCompile>
  </ItemGroup>
  <ItemGroup>
    <ClInclude Include="App.xaml.h" />
    <ClInclude Include="SpectralEditorMain.h" />
    <ClInclude Include="DirectXPage.xaml.h" />
    <ClInclude Include="pch.h" />
    <ClInclude Include="..\SpectralEngine\Graphics\GraphicsCore.h">
      <Filter>Engine</Filter>
    </ClInclude>
    <ClInclude Include="..\SpectralEngine\Graphics\FrameResource.h">
      <Filter>Engine</Filter>
    </ClInclude>
    <ClInclude Include="..\SpectralEngine\Graphics\Lighting.h">
      <Filter>Engine</Filter>
    </ClInclude>
    <ClInclude Include="..\SpectralEngine\Graphics\Material.h">
      <Filter>Engine</Filter>
    </ClInclude>
    <ClInclude Include="..\SpectralEngine\Graphics\Mesh.h">
      <Filter>Engine</Filter>
    </ClInclude>
    <ClInclude Include="..\SpectralEngine\Graphics\RenderPacket.h">
      <Filter>Engine</Filter>
    </ClInclude>
    <ClInclude Include="..\SpectralEngine\Common\Camera.h">
      <Filter>Engine</Filter>
    </ClInclude>
    <ClInclude Include="..\SpectralEngine\Common\Math.h">
      <Filter>Engine</Filter>
    </ClInclude>
    <ClInclude Include="..\SpectralEngine\Common\Timer.h">
      <Filter>Engine</Filter>
    </ClInclude>
    <ClInclude Include="..\SpectralEngine\Common\Types.h">
      <Filter>Engine</Filter>
    </ClInclude>
    <ClInclude Include="..\SpectralEngine\Common\Utility.h">
      <Filter>Engine</Filter>
    </ClInclude>
    <ClInclude Include="..\SpectralEngine\TEMP\Common\GeometryGenerator.h">
      <Filter>Engine</Filter>
    </ClInclude>
    <ClInclude Include="..\SpectralEngine\Microsoft\d3dx12.h">
      <Filter>Engine</Filter>
    </ClInclude>
    <ClInclude Include="..\SpectralEngine\Microsoft\DDSTextureLoader.h">
      <Filter>Engine</Filter>
    </ClInclude>
    <ClInclude Include="Run.h" />
    <ClInclude Include="..\SpectralEngine\Scene\SceneManager.h">
      <Filter>Engine</Filter>
    </ClInclude>
    <ClInclude Include="..\SpectralEngine\Asset_Conditioning\ObjectConditioner.h">
      <Filter>Engine</Filter>
    </ClInclude>
  </ItemGroup>
  <ItemGroup>
    <Image Include="Assets\StoreLogo.png">
      <Filter>Assets</Filter>
    </Image>
  </ItemGroup>
  <ItemGroup>
    <AppxManifest Include="Package.appxmanifest" />
  </ItemGroup>
  <ItemGroup>
    <None Include="SpectralEditor_TemporaryKey.pfx" />
  </ItemGroup>
  <ItemGroup>
    <Page Include="DirectXPage.xaml" />
  </ItemGroup>
</Project>